
Microsoft Visual Studio Solution File, Format Version 12.00
# Visual Studio Version 17
VisualStudioVersion = 17.4.33213.308
MinimumVisualStudioVersion = 10.0.40219.1
Project("{FAE04EC0-301F-11D3-BF4B-00C04F79EFBC}") = "TestKerja", "TestKerja\TestKerja.csproj", "{B0D3E2DF-FA4D-47F2-BA55-E7B0B921FDFD}"
EndProject
Global
	GlobalSection(SolutionConfigurationPlatforms) = preSolution
		Debug|Any CPU = Debug|Any CPU
		Release|Any CPU = Release|Any CPU
	EndGlobalSection
	GlobalSection(ProjectConfigurationPlatforms) = postSolution
		{B0D3E2DF-FA4D-47F2-BA55-E7B0B921FDFD}.Debug|Any CPU.ActiveCfg = Debug|Any CPU
		{B0D3E2DF-FA4D-47F2-BA55-E7B0B921FDFD}.Debug|Any CPU.Build.0 = Debug|Any CPU
		{B0D3E2DF-FA4D-47F2-BA55-E7B0B921FDFD}.Release|Any CPU.ActiveCfg = Release|Any CPU
		{B0D3E2DF-FA4D-47F2-BA55-E7B0B921FDFD}.Release|Any CPU.Build.0 = Release|Any CPU
	EndGlobalSection
	GlobalSection(SolutionProperties) = preSolution
		HideSolutionNode = FALSE
	EndGlobalSection
	GlobalSection(ExtensibilityGlobals) = postSolution
		SolutionGuid = {4651E384-4F0F-49D9-B518-3BD18EC71533}
	EndGlobalSection
EndGlobal
